
Microsoft Visual Studio Solution File, Format Version 12.00
# Visual Studio Version 16
VisualStudioVersion = 16.0.32002.261
MinimumVisualStudioVersion = 10.0.40219.1
Project("{9A19103F-16F7-4668-BE54-9A1E7A4F7556}") = "Day-33-AddressBookAndPayRoll", "Day-33-AddressBookAndPayRoll.csproj", "{A6F4B41C-FC9C-4F62-9267-88257C83EEB1}"
EndProject
Project("{FAE04EC0-301F-11D3-BF4B-00C04F79EFBC}") = "NUnitTest_Payroll_service", "..\NUnitTest_Payroll_service\NUnitTest_Payroll_service.csproj", "{616CC837-9E25-4781-AFB4-850E606827AB}"
EndProject
Global
	GlobalSection(SolutionConfigurationPlatforms) = preSolution
		Debug|Any CPU = Debug|Any CPU
		Release|Any CPU = Release|Any CPU
	EndGlobalSection
	GlobalSection(ProjectConfigurationPlatforms) = postSolution
		{A6F4B41C-FC9C-4F62-9267-88257C83EEB1}.Debug|Any CPU.ActiveCfg = Debug|Any CPU
		{A6F4B41C-FC9C-4F62-9267-88257C83EEB1}.Debug|Any CPU.Build.0 = Debug|Any CPU
		{A6F4B41C-FC9C-4F62-9267-88257C83EEB1}.Release|Any CPU.ActiveCfg = Release|Any CPU
		{A6F4B41C-FC9C-4F62-9267-88257C83EEB1}.Release|Any CPU.Build.0 = Release|Any CPU
		{616CC837-9E25-4781-AFB4-850E606827AB}.Debug|Any CPU.ActiveCfg = Debug|Any CPU
		{616CC837-9E25-4781-AFB4-850E606827AB}.Debug|Any CPU.Build.0 = Debug|Any CPU
		{616CC837-9E25-4781-AFB4-850E606827AB}.Release|Any CPU.ActiveCfg = Release|Any CPU
		{616CC837-9E25-4781-AFB4-850E606827AB}.Release|Any CPU.Build.0 = Release|Any CPU
	EndGlobalSection
	GlobalSection(SolutionProperties) = preSolution
		HideSolutionNode = FALSE
	EndGlobalSection
	GlobalSection(ExtensibilityGlobals) = postSolution
		SolutionGuid = {9BA87DCB-5EF7-48B3-A34E-1FDBFEC3681B}
	EndGlobalSection
EndGlobal
